
Microsoft Visual Studio Solution File, Format Version 12.00
# Visual Studio Version 17
VisualStudioVersion = 17.0.31903.59
MinimumVisualStudioVersion = 10.0.40219.1
Project("{FAE04EC0-301F-11D3-BF4B-00C04F79EFBC}") = "Stpm.Core", "Stpm.Core\Stpm.Core.csproj", "{CC7D6E68-EAC9-4815-BE64-5E80308FF134}"
EndProject
Project("{FAE04EC0-301F-11D3-BF4B-00C04F79EFBC}") = "Stpm.Data", "Stpm.Data\Stpm.Data.csproj", "{99B0A5DA-23B6-4813-BC08-19EDA7114BCE}"
EndProject
Project("{FAE04EC0-301F-11D3-BF4B-00C04F79EFBC}") = "Stpm.Services", "Stpm.Services\Stpm.Services.csproj", "{2C0C7A69-5F12-44E4-B0C2-E9E36AD2E43B}"
EndProject
Project("{FAE04EC0-301F-11D3-BF4B-00C04F79EFBC}") = "Stpm.WebApi", "Stpm.WebApi\Stpm.WebApi.csproj", "{F4CEA867-EF11-4C6C-A059-A77CFB54FA40}"
EndProject
Global
	GlobalSection(SolutionConfigurationPlatforms) = preSolution
		Debug|Any CPU = Debug|Any CPU
		Release|Any CPU = Release|Any CPU
	EndGlobalSection
	GlobalSection(ProjectConfigurationPlatforms) = postSolution
		{CC7D6E68-EAC9-4815-BE64-5E80308FF134}.Debug|Any CPU.ActiveCfg = Debug|Any CPU
		{CC7D6E68-EAC9-4815-BE64-5E80308FF134}.Debug|Any CPU.Build.0 = Debug|Any CPU
		{CC7D6E68-EAC9-4815-BE64-5E80308FF134}.Release|Any CPU.ActiveCfg = Release|Any CPU
		{CC7D6E68-EAC9-4815-BE64-5E80308FF134}.Release|Any CPU.Build.0 = Release|Any CPU
		{99B0A5DA-23B6-4813-BC08-19EDA7114BCE}.Debug|Any CPU.ActiveCfg = Debug|Any CPU
		{99B0A5DA-23B6-4813-BC08-19EDA7114BCE}.Debug|Any CPU.Build.0 = Debug|Any CPU
		{99B0A5DA-23B6-4813-BC08-19EDA7114BCE}.Release|Any CPU.ActiveCfg = Release|Any CPU
		{99B0A5DA-23B6-4813-BC08-19EDA7114BCE}.Release|Any CPU.Build.0 = Release|Any CPU
		{2C0C7A69-5F12-44E4-B0C2-E9E36AD2E43B}.Debug|Any CPU.ActiveCfg = Debug|Any CPU
		{2C0C7A69-5F12-44E4-B0C2-E9E36AD2E43B}.Debug|Any CPU.Build.0 = Debug|Any CPU
		{2C0C7A69-5F12-44E4-B0C2-E9E36AD2E43B}.Release|Any CPU.ActiveCfg = Release|Any CPU
		{2C0C7A69-5F12-44E4-B0C2-E9E36AD2E43B}.Release|Any CPU.Build.0 = Release|Any CPU
		{F4CEA867-EF11-4C6C-A059-A77CFB54FA40}.Debug|Any CPU.ActiveCfg = Debug|Any CPU
		{F4CEA867-EF11-4C6C-A059-A77CFB54FA40}.Debug|Any CPU.Build.0 = Debug|Any CPU
		{F4CEA867-EF11-4C6C-A059-A77CFB54FA40}.Release|Any CPU.ActiveCfg = Release|Any CPU
		{F4CEA867-EF11-4C6C-A059-A77CFB54FA40}.Release|Any CPU.Build.0 = Release|Any CPU
	EndGlobalSection
	GlobalSection(SolutionProperties) = preSolution
		HideSolutionNode = FALSE
	EndGlobalSection
	GlobalSection(ExtensibilityGlobals) = postSolution
		SolutionGuid = {EDE09A2D-A845-4C3F-BE43-37A677C52DDF}
	EndGlobalSection
EndGlobal
